# This file is automatically @generated by Cargo.
# It is not intended for manual editing.
[[package]]
name = "four"
version = "0.1.0"

[[package]]
name = "images"
version = "0.1.0"

[[package]]
name = "intcode"
version = "0.1.0"

[[package]]
name = "masscalc"
version = "0.1.0"

[[package]]
name = "orbit"
version = "0.1.0"

[[package]]
name = "seven"
version = "0.1.0"
dependencies = [
 "intcode 0.1.0",
]

[[package]]
name = "three"
version = "0.1.0"

[[package]]
name = "two"
version = "0.1.0"

